
Microsoft Visual Studio Solution File, Format Version 12.00
# Visual Studio Version 16
VisualStudioVersion = 16.0.29509.3
MinimumVisualStudioVersion = 10.0.40219.1
Project("{FAE04EC0-301F-11D3-BF4B-00C04F79EFBC}") = "BotTom", "BotTom\BotTom.csproj", "{C09F8DA7-A846-4681-B68B-F50949DBE737}"
EndProject
Global
	GlobalSection(SolutionConfigurationPlatforms) = preSolution
		Debug|Any CPU = Debug|Any CPU
		Release|Any CPU = Release|Any CPU
	EndGlobalSection
	GlobalSection(ProjectConfigurationPlatforms) = postSolution
		{C09F8DA7-A846-4681-B68B-F50949DBE737}.Debug|Any CPU.ActiveCfg = Debug|Any CPU
		{C09F8DA7-A846-4681-B68B-F50949DBE737}.Debug|Any CPU.Build.0 = Debug|Any CPU
		{C09F8DA7-A846-4681-B68B-F50949DBE737}.Release|Any CPU.ActiveCfg = Release|Any CPU
		{C09F8DA7-A846-4681-B68B-F50949DBE737}.Release|Any CPU.Build.0 = Release|Any CPU
	EndGlobalSection
	GlobalSection(SolutionProperties) = preSolution
		HideSolutionNode = FALSE
	EndGlobalSection
	GlobalSection(ExtensibilityGlobals) = postSolution
		SolutionGuid = {5C00F54B-43CC-4FD2-A1BD-885577CB22F9}
	EndGlobalSection
EndGlobal
